
Microsoft Visual Studio Solution File, Format Version 12.00
# Visual Studio Version 17
VisualStudioVersion = 17.0.31912.275
MinimumVisualStudioVersion = 10.0.40219.1
Project("{FAE04EC0-301F-11D3-BF4B-00C04F79EFBC}") = "BlazorAppTraining.Server", "Server\BlazorAppTraining.Server.csproj", "{27535D1E-B37F-4747-B88F-9A7EB1ABE7BA}"
EndProject
Project("{FAE04EC0-301F-11D3-BF4B-00C04F79EFBC}") = "BlazorAppTraining.Client", "Client\BlazorAppTraining.Client.csproj", "{3213BC56-25AD-4FC3-9615-B86E54300EFE}"
EndProject
Project("{FAE04EC0-301F-11D3-BF4B-00C04F79EFBC}") = "BlazorAppTraining.Shared", "Shared\BlazorAppTraining.Shared.csproj", "{95BC93C6-DF61-4D59-8B31-1FDAFC79620C}"
EndProject
Global
	GlobalSection(SolutionConfigurationPlatforms) = preSolution
		Debug|Any CPU = Debug|Any CPU
		Release|Any CPU = Release|Any CPU
	EndGlobalSection
	GlobalSection(ProjectConfigurationPlatforms) = postSolution
		{27535D1E-B37F-4747-B88F-9A7EB1ABE7BA}.Debug|Any CPU.ActiveCfg = Debug|Any CPU
		{27535D1E-B37F-4747-B88F-9A7EB1ABE7BA}.Debug|Any CPU.Build.0 = Debug|Any CPU
		{27535D1E-B37F-4747-B88F-9A7EB1ABE7BA}.Release|Any CPU.ActiveCfg = Release|Any CPU
		{27535D1E-B37F-4747-B88F-9A7EB1ABE7BA}.Release|Any CPU.Build.0 = Release|Any CPU
		{3213BC56-25AD-4FC3-9615-B86E54300EFE}.Debug|Any CPU.ActiveCfg = Debug|Any CPU
		{3213BC56-25AD-4FC3-9615-B86E54300EFE}.Debug|Any CPU.Build.0 = Debug|Any CPU
		{3213BC56-25AD-4FC3-9615-B86E54300EFE}.Release|Any CPU.ActiveCfg = Release|Any CPU
		{3213BC56-25AD-4FC3-9615-B86E54300EFE}.Release|Any CPU.Build.0 = Release|Any CPU
		{95BC93C6-DF61-4D59-8B31-1FDAFC79620C}.Debug|Any CPU.ActiveCfg = Debug|Any CPU
		{95BC93C6-DF61-4D59-8B31-1FDAFC79620C}.Debug|Any CPU.Build.0 = Debug|Any CPU
		{95BC93C6-DF61-4D59-8B31-1FDAFC79620C}.Release|Any CPU.ActiveCfg = Release|Any CPU
		{95BC93C6-DF61-4D59-8B31-1FDAFC79620C}.Release|Any CPU.Build.0 = Release|Any CPU
	EndGlobalSection
	GlobalSection(SolutionProperties) = preSolution
		HideSolutionNode = FALSE
	EndGlobalSection
	GlobalSection(ExtensibilityGlobals) = postSolution
		SolutionGuid = {5F88A5E2-F32B-4BE4-A7A9-D52040428612}
	EndGlobalSection
EndGlobal
